# THIS IS AN AUTOGENERATED FILE. DO NOT EDIT THIS FILE DIRECTLY.
# yarn lockfile v1


gotrue-js@^0.9.20:
  version "0.9.20"
  resolved "https://registry.yarnpkg.com/gotrue-js/-/gotrue-js-0.9.20.tgz#64d99004d93b1005964f1d575076827258928426"
  dependencies:
    micro-api-client "^3.2.1"

micro-api-client@^3.2.1:
  version "3.2.2"
  resolved "https://registry.yarnpkg.com/micro-api-client/-/micro-api-client-3.2.2.tgz#cd34aaf72cf9c66b987c3563ecdbfa68abb85afc"
